Microsoft Visual Studio Solution File, Format Version 12.00
# Visual Studio 2012
Project("{FAE04EC0-301F-11D3-BF4B-00C04F79EFBC}") = "One More Block", "One More Block.csproj", "{889E5A73-0BCF-47CC-9131-E2ADD6AD4424}"
EndProject
Global
	GlobalSection(SolutionConfigurationPlatforms) = preSolution
	Debug|Any CPU = Debug|Any CPU
	ExportDebug|Any CPU = ExportDebug|Any CPU
	ExportRelease|Any CPU = ExportRelease|Any CPU
	EndGlobalSection
	GlobalSection(ProjectConfigurationPlatforms) = postSolution
		{889E5A73-0BCF-47CC-9131-E2ADD6AD4424}.Debug|Any CPU.ActiveCfg = Debug|Any CPU
		{889E5A73-0BCF-47CC-9131-E2ADD6AD4424}.Debug|Any CPU.Build.0 = Debug|Any CPU
		{889E5A73-0BCF-47CC-9131-E2ADD6AD4424}.ExportDebug|Any CPU.ActiveCfg = ExportDebug|Any CPU
		{889E5A73-0BCF-47CC-9131-E2ADD6AD4424}.ExportDebug|Any CPU.Build.0 = ExportDebug|Any CPU
		{889E5A73-0BCF-47CC-9131-E2ADD6AD4424}.ExportRelease|Any CPU.ActiveCfg = ExportRelease|Any CPU
		{889E5A73-0BCF-47CC-9131-E2ADD6AD4424}.ExportRelease|Any CPU.Build.0 = ExportRelease|Any CPU
	EndGlobalSection
EndGlobal
